
Microsoft Visual Studio Solution File, Format Version 12.00
# Visual Studio Version 16
VisualStudioVersion = 16.0.30523.141
MinimumVisualStudioVersion = 10.0.40219.1
Project("{FAE04EC0-301F-11D3-BF4B-00C04F79EFBC}") = "goGame", "goGame\goGame.csproj", "{7E58449E-F23B-4A7F-8AD1-6CF38BAA4275}"
EndProject
Global
	GlobalSection(SolutionConfigurationPlatforms) = preSolution
		Debug|Any CPU = Debug|Any CPU
		Release|Any CPU = Release|Any CPU
	EndGlobalSection
	GlobalSection(ProjectConfigurationPlatforms) = postSolution
		{7E58449E-F23B-4A7F-8AD1-6CF38BAA4275}.Debug|Any CPU.ActiveCfg = Debug|Any CPU
		{7E58449E-F23B-4A7F-8AD1-6CF38BAA4275}.Debug|Any CPU.Build.0 = Debug|Any CPU
		{7E58449E-F23B-4A7F-8AD1-6CF38BAA4275}.Release|Any CPU.ActiveCfg = Release|Any CPU
		{7E58449E-F23B-4A7F-8AD1-6CF38BAA4275}.Release|Any CPU.Build.0 = Release|Any CPU
	EndGlobalSection
	GlobalSection(SolutionProperties) = preSolution
		HideSolutionNode = FALSE
	EndGlobalSection
	GlobalSection(ExtensibilityGlobals) = postSolution
		SolutionGuid = {0B04DC7C-81C8-4F3D-B9A8-91979A21259C}
	EndGlobalSection
EndGlobal
